
Microsoft Visual Studio Solution File, Format Version 12.00
# Visual Studio Version 16
VisualStudioVersion = 25.0.1706.11
MinimumVisualStudioVersion = 10.0.40219.1
Project("{FAE04EC0-301F-11D3-BF4B-00C04F79EFBC}") = "AngularAuthAPI", "AngularAuthAPI\AngularAuthAPI.csproj", "{31DB519F-3A7B-42A4-A946-6C5D760DF6DD}"
EndProject
Global
	GlobalSection(SolutionConfigurationPlatforms) = preSolution
		Debug|Any CPU = Debug|Any CPU
		Release|Any CPU = Release|Any CPU
	EndGlobalSection
	GlobalSection(ProjectConfigurationPlatforms) = postSolution
		{31DB519F-3A7B-42A4-A946-6C5D760DF6DD}.Debug|Any CPU.ActiveCfg = Debug|Any CPU
		{31DB519F-3A7B-42A4-A946-6C5D760DF6DD}.Debug|Any CPU.Build.0 = Debug|Any CPU
		{31DB519F-3A7B-42A4-A946-6C5D760DF6DD}.Release|Any CPU.ActiveCfg = Release|Any CPU
		{31DB519F-3A7B-42A4-A946-6C5D760DF6DD}.Release|Any CPU.Build.0 = Release|Any CPU
	EndGlobalSection
	GlobalSection(SolutionProperties) = preSolution
		HideSolutionNode = FALSE
	EndGlobalSection
	GlobalSection(ExtensibilityGlobals) = postSolution
		SolutionGuid = {06D5AB98-F3C0-4965-BE2B-B4055CBE158B}
	EndGlobalSection
EndGlobal
